
Microsoft Visual Studio Solution File, Format Version 12.00
# Visual Studio Version 16
VisualStudioVersion = 16.0.30503.244
MinimumVisualStudioVersion = 10.0.40219.1
Project("{FAE04EC0-301F-11D3-BF4B-00C04F79EFBC}") = "Excel Mark Data", "Excel Mark Data\Excel Mark Data.csproj", "{EB647E76-E004-48C5-A0F0-2709F091AD9B}"
EndProject
Project("{54435603-DBB4-11D2-8724-00A0C9A8B90C}") = "Setup Excel Mark Data 1.3", "Setup Excel Mark Data 1.2\Setup Excel Mark Data 1.2.vdproj", "{CEBD06B4-43C3-41E0-91BE-01CF6E956FBB}"
EndProject
Global
	GlobalSection(SolutionConfigurationPlatforms) = preSolution
		Debug|Any CPU = Debug|Any CPU
		Release|Any CPU = Release|Any CPU
	EndGlobalSection
	GlobalSection(ProjectConfigurationPlatforms) = postSolution
		{EB647E76-E004-48C5-A0F0-2709F091AD9B}.Debug|Any CPU.ActiveCfg = Release|Any CPU
		{EB647E76-E004-48C5-A0F0-2709F091AD9B}.Debug|Any CPU.Build.0 = Release|Any CPU
		{EB647E76-E004-48C5-A0F0-2709F091AD9B}.Release|Any CPU.ActiveCfg = Release|Any CPU
		{EB647E76-E004-48C5-A0F0-2709F091AD9B}.Release|Any CPU.Build.0 = Release|Any CPU
		{CEBD06B4-43C3-41E0-91BE-01CF6E956FBB}.Debug|Any CPU.ActiveCfg = Release
		{CEBD06B4-43C3-41E0-91BE-01CF6E956FBB}.Release|Any CPU.ActiveCfg = Release
	EndGlobalSection
	GlobalSection(SolutionProperties) = preSolution
		HideSolutionNode = FALSE
	EndGlobalSection
	GlobalSection(ExtensibilityGlobals) = postSolution
		SolutionGuid = {251672A0-2574-4CDD-A012-BAB85E940948}
	EndGlobalSection
EndGlobal
